// !$*UTF8*$!
{
	archiveVersion = 1;
	classes = {
	};
	objectVersion = 50;
	objects = {

/* Begin PBXBuildFile section */
		BF193E4E26F945810065239F /* Extensions.swift in Sources */ = {isa = PBXBuildFile; fileRef = BF193E4D26F945810065239F /* Extensions.swift */; };
		BF25922B26F7BDB5006423DF /* MovieInfo.swift in Sources */ = {isa = PBXBuildFile; fileRef = BF25922A26F7BDB5006423DF /* MovieInfo.swift */; };
		BF25922D26F7FA0B006423DF /* MoviesSimiliar.swift in Sources */ = {isa = PBXBuildFile; fileRef = BF25922C26F7FA0B006423DF /* MoviesSimiliar.swift */; };
		BF25923026F83BEB006423DF /* MovieCard.swift in Sources */ = {isa = PBXBuildFile; fileRef = BF25922F26F83BEB006423DF /* MovieCard.swift */; };
		BF52238E26F4496800120549 /* testMobile2uApp.swift in Sources */ = {isa = PBXBuildFile; fileRef = BF52238D26F4496800120549 /* testMobile2uApp.swift */; };
		BF52239026F4496800120549 /* ContentView.swift in Sources */ = {isa = PBXBuildFile; fileRef = BF52238F26F4496800120549 /* ContentView.swift */; };
		BF52239226F4496D00120549 /* Assets.xcassets in Resources */ = {isa = PBXBuildFile; fileRef = BF52239126F4496D00120549 /* Assets.xcassets */; };
		BF52239526F4496D00120549 /* Preview Assets.xcassets in Resources */ = {isa = PBXBuildFile; fileRef = BF52239426F4496D00120549 /* Preview Assets.xcassets */; };
		BFA254E926F5927D00C78BB7 /* Movie.swift in Sources */ = {isa = PBXBuildFile; fileRef = BFA254E826F5927D00C78BB7 /* Movie.swift */; };
/* End PBXBuildFile section */

/* Begin PBXFileReference section */
		BF193E4D26F945810065239F /* Extensions.swift */ = {isa = PBXFileReference; lastKnownFileType = sourcecode.swift; path = Extensions.swift; sourceTree = "<group>"; };
		BF25922A26F7BDB5006423DF /* MovieInfo.swift */ = {isa = PBXFileReference; lastKnownFileType = sourcecode.swift; path = MovieInfo.swift; sourceTree = "<group>"; };
		BF25922C26F7FA0B006423DF /* MoviesSimiliar.swift */ = {isa = PBXFileReference; lastKnownFileType = sourcecode.swift; path = MoviesSimiliar.swift; sourceTree = "<group>"; };
		BF25922F26F83BEB006423DF /* MovieCard.swift */ = {isa = PBXFileReference; lastKnownFileType = sourcecode.swift; path = MovieCard.swift; sourceTree = "<group>"; };
		BF52238A26F4496800120549 /* testMobile2u.app */ = {isa = PBXFileReference; explicitFileType = wrapper.application; includeInIndex = 0; path = testMobile2u.app; sourceTree = BUILT_PRODUCTS_DIR; };
		BF52238D26F4496800120549 /* testMobile2uApp.swift */ = {isa = PBXFileReference; lastKnownFileType = sourcecode.swift; path = testMobile2uApp.swift; sourceTree = "<group>"; };
		BF52238F26F4496800120549 /* ContentView.swift */ = {isa = PBXFileReference; lastKnownFileType = sourcecode.swift; path = ContentView.swift; sourceTree = "<group>"; };
		BF52239126F4496D00120549 /* Assets.xcassets */ = {isa = PBXFileReference; lastKnownFileType = folder.assetcatalog; path = Assets.xcassets; sourceTree = "<group>"; };
		BF52239426F4496D00120549 /* Preview Assets.xcassets */ = {isa = PBXFileReference; lastKnownFileType = folder.assetcatalog; path = "Preview Assets.xcassets"; sourceTree = "<group>"; };
		BF52239626F4496D00120549 /* Info.plist */ = {isa = PBXFileReference; lastKnownFileType = text.plist.xml; path = Info.plist; sourceTree = "<group>"; };
		BFA254E826F5927D00C78BB7 /* Movie.swift */ = {isa = PBXFileReference; lastKnownFileType = sourcecode.swift; path = Movie.swift; sourceTree = "<group>"; };
/* End PBXFileReference section */

/* Begin PBXFrameworksBuildPhase section */
		BF52238726F4496800120549 /* Frameworks */ = {
			isa = PBXFrameworksBuildPhase;
			buildActionMask = 2147483647;
			files = (
			);
			runOnlyForDeploymentPostprocessing = 0;
		};
/* End PBXFrameworksBuildPhase section */

/* Begin PBXGroup section */
		BF193E4C26F9456D0065239F /* Utils */ = {
			isa = PBXGroup;
			children = (
				BF193E4D26F945810065239F /* Extensions.swift */,
			);
			path = Utils;
			sourceTree = "<group>";
		};
		BF25922926F7BD73006423DF /* ViewModel */ = {
			isa = PBXGroup;
			children = (
				BF25922A26F7BDB5006423DF /* MovieInfo.swift */,
				BF25922F26F83BEB006423DF /* MovieCard.swift */,
			);
			path = ViewModel;
			sourceTree = "<group>";
		};
		BF25922E26F823F3006423DF /* View */ = {
			isa = PBXGroup;
			children = (
				BF52238F26F4496800120549 /* ContentView.swift */,
			);
			path = View;
			sourceTree = "<group>";
		};
		BF52238126F4496800120549 = {
			isa = PBXGroup;
			children = (
				BF52238C26F4496800120549 /* testMobile2u */,
				BF52238B26F4496800120549 /* Products */,
			);
			sourceTree = "<group>";
		};
		BF52238B26F4496800120549 /* Products */ = {
			isa = PBXGroup;
			children = (
				BF52238A26F4496800120549 /* testMobile2u.app */,
			);
			name = Products;
			sourceTree = "<group>";
		};
		BF52238C26F4496800120549 /* testMobile2u */ = {
			isa = PBXGroup;
			children = (
				BF193E4C26F9456D0065239F /* Utils */,
				BFA254E726F5926900C78BB7 /* Model */,
				BF25922926F7BD73006423DF /* ViewModel */,
				BF25922E26F823F3006423DF /* View */,
				BF52238D26F4496800120549 /* testMobile2uApp.swift */,
				BF52239126F4496D00120549 /* Assets.xcassets */,
				BF52239626F4496D00120549 /* Info.plist */,
				BF52239326F4496D00120549 /* Preview Content */,
			);
			path = testMobile2u;
			sourceTree = "<group>";
		};
		BF52239326F4496D00120549 /* Preview Content */ = {
			isa = PBXGroup;
			children = (
				BF52239426F4496D00120549 /* Preview Assets.xcassets */,
			);
			path = "Preview Content";
			sourceTree = "<group>";
		};
		BFA254E726F5926900C78BB7 /* Model */ = {
			isa = PBXGroup;
			children = (
				BFA254E826F5927D00C78BB7 /* Movie.swift */,
				BF25922C26F7FA0B006423DF /* MoviesSimiliar.swift */,
			);
			path = Model;
			sourceTree = "<group>";
		};
/* End PBXGroup section */

/* Begin PBXNativeTarget section */
		BF52238926F4496800120549 /* testMobile2u */ = {
			isa = PBXNativeTarget;
			buildConfigurationList = BF52239926F4496D00120549 /* Build configuration list for PBXNativeTarget "testMobile2u" */;
			buildPhases = (
				BF52238626F4496800120549 /* Sources */,
				BF52238726F4496800120549 /* Frameworks */,
				BF52238826F4496800120549 /* Resources */,
			);
			buildRules = (
			);
			dependencies = (
			);
			name = testMobile2u;
			productName = testMobile2u;
			productReference = BF52238A26F4496800120549 /* testMobile2u.app */;
			productType = "com.apple.product-type.application";
		};
/* End PBXNativeTarget section */

/* Begin PBXProject section */
		BF52238226F4496800120549 /* Project object */ = {
			isa = PBXProject;
			attributes = {
				LastSwiftUpdateCheck = 1250;
				LastUpgradeCheck = 1250;
				TargetAttributes = {
					BF52238926F4496800120549 = {
						CreatedOnToolsVersion = 12.5.1;
					};
				};
			};
			buildConfigurationList = BF52238526F4496800120549 /* Build configuration list for PBXProject "testMobile2u" */;
			compatibilityVersion = "Xcode 9.3";
			developmentRegion = en;
			hasScannedForEncodings = 0;
			knownRegions = (
				en,
				Base,
			);
			mainGroup = BF52238126F4496800120549;
			productRefGroup = BF52238B26F4496800120549 /* Products */;
			projectDirPath = "";
			projectRoot = "";
			targets = (
				BF52238926F4496800120549 /* testMobile2u */,
			);
		};
/* End PBXProject section */

/* Begin PBXResourcesBuildPhase section */
		BF52238826F4496800120549 /* Resources */ = {
			isa = PBXResourcesBuildPhase;
			buildActionMask = 2147483647;
			files = (
				BF52239526F4496D00120549 /* Preview Assets.xcassets in Resources */,
				BF52239226F4496D00120549 /* Assets.xcassets in Resources */,
			);
			runOnlyForDeploymentPostprocessing = 0;
		};
/* End PBXResourcesBuildPhase section */

/* Begin PBXSourcesBuildPhase section */
		BF52238626F4496800120549 /* Sources */ = {
			isa = PBXSourcesBuildPhase;
			buildActionMask = 2147483647;
			files = (
				BF52239026F4496800120549 /* ContentView.swift in Sources */,
				BF25922D26F7FA0B006423DF /* MoviesSimiliar.swift in Sources */,
				BF25923026F83BEB006423DF /* MovieCard.swift in Sources */,
				BF52238E26F4496800120549 /* testMobile2uApp.swift in Sources */,
				BF25922B26F7BDB5006423DF /* MovieInfo.swift in Sources */,
				BFA254E926F5927D00C78BB7 /* Movie.swift in Sources */,
				BF193E4E26F945810065239F /* Extensions.swift in Sources */,
			);
			runOnlyForDeploymentPostprocessing = 0;
		};
/* End PBXSourcesBuildPhase section */

/* Begin XCBuildConfiguration section */
		BF52239726F4496D00120549 /* Debug */ = {
			isa = XCBuildConfiguration;
			buildSettings = {
				ALWAYS_SEARCH_USER_PATHS = NO;
				CLANG_ANALYZER_NONNULL = YES;
				CLANG_ANALYZER_NUMBER_OBJECT_CONVERSION = YES_AGGRESSIVE;
				CLANG_CXX_LANGUAGE_STANDARD = "gnu++14";
				CLANG_CXX_LIBRARY = "libc++";
				CLANG_ENABLE_MODULES = YES;
				CLANG_ENABLE_OBJC_ARC = YES;
				CLANG_ENABLE_OBJC_WEAK = YES;
				CLANG_WARN_BLOCK_CAPTURE_AUTORELEASING = YES;
				CLANG_WARN_BOOL_CONVERSION = YES;
				CLANG_WARN_COMMA = YES;
				CLANG_WARN_CONSTANT_CONVERSION = YES;
				CLANG_WARN_DEPRECATED_OBJC_IMPLEMENTATIONS = YES;
				CLANG_WARN_DIRECT_OBJC_ISA_USAGE = YES_ERROR;
				CLANG_WARN_DOCUMENTATION_COMMENTS = YES;
				CLANG_WARN_EMPTY_BODY = YES;
				CLANG_WARN_ENUM_CONVERSION = YES;
				CLANG_WARN_INFINITE_RECURSION = YES;
				CLANG_WARN_INT_CONVERSION = YES;
				CLANG_WARN_NON_LITERAL_NULL_CONVERSION = YES;
				CLANG_WARN_OBJC_IMPLICIT_RETAIN_SELF = YES;
				CLANG_WARN_OBJC_LITERAL_CONVERSION = YES;
				CLANG_WARN_OBJC_ROOT_CLASS = YES_ERROR;
				CLANG_WARN_QUOTED_INCLUDE_IN_FRAMEWORK_HEADER = YES;
				CLANG_WARN_RANGE_LOOP_ANALYSIS = YES;
				CLANG_WARN_STRICT_PROTOTYPES = YES;
				CLANG_WARN_SUSPICIOUS_MOVE = YES;
				CLANG_WARN_UNGUARDED_AVAILABILITY = YES_AGGRESSIVE;
				CLANG_WARN_UNREACHABLE_CODE = YES;
				CLANG_WARN__DUPLICATE_METHOD_MATCH = YES;
				COPY_PHASE_STRIP = NO;
				DEBUG_INFORMATION_FORMAT = dwarf;
				ENABLE_STRICT_OBJC_MSGSEND = YES;
				ENABLE_TESTABILITY = YES;
				GCC_C_LANGUAGE_STANDARD = gnu11;
				GCC_DYNAMIC_NO_PIC = NO;
				GCC_NO_COMMON_BLOCKS = YES;
				GCC_OPTIMIZATION_LEVEL = 0;
				GCC_PREPROCESSOR_DEFINITIONS = (
					"DEBUG=1",
					"$(inherited)",
				);
				GCC_WARN_64_TO_32_BIT_CONVERSION = YES;
				GCC_WARN_ABOUT_RETURN_TYPE = YES_ERROR;
				GCC_WARN_UNDECLARED_SELECTOR = YES;
				GCC_WARN_UNINITIALIZED_AUTOS = YES_AGGRESSIVE;
				GCC_WARN_UNUSED_FUNCTION = YES;
				GCC_WARN_UNUSED_VARIABLE = YES;
				IPHONEOS_DEPLOYMENT_TARGET = 14.5;
				MTL_ENABLE_DEBUG_INFO = INCLUDE_SOURCE;
				MTL_FAST_MATH = YES;
				ONLY_ACTIVE_ARCH = YES;
				SDKROOT = iphoneos;
				SWIFT_ACTIVE_COMPILATION_CONDITIONS = DEBUG;
				SWIFT_OPTIMIZATION_LEVEL = "-Onone";
			};
			name = Debug;
		};
		BF52239826F4496D00120549 /* Release */ = {
			isa = XCBuildConfiguration;
			buildSettings = {
				ALWAYS_SEARCH_USER_PATHS = NO;
				CLANG_ANALYZER_NONNULL = YES;
				CLANG_ANALYZER_NUMBER_OBJECT_CONVERSION = YES_AGGRESSIVE;
				CLANG_CXX_LANGUAGE_STANDARD = "gnu++14";
				CLANG_CXX_LIBRARY = "libc++";
				CLANG_ENABLE_MODULES = YES;
				CLANG_ENABLE_OBJC_ARC = YES;
				CLANG_ENABLE_OBJC_WEAK = YES;
				CLANG_WARN_BLOCK_CAPTURE_AUTORELEASING = YES;
				CLANG_WARN_BOOL_CONVERSION = YES;
				CLANG_WARN_COMMA = YES;
				CLANG_WARN_CONSTANT_CONVERSION = YES;
				CLANG_WARN_DEPRECATED_OBJC_IMPLEMENTATIONS = YES;
				CLANG_WARN_DIRECT_OBJC_ISA_USAGE = YES_ERROR;
				CLANG_WARN_DOCUMENTATION_COMMENTS = YES;
				CLANG_WARN_EMPTY_BODY = YES;
				CLANG_WARN_ENUM_CONVERSION = YES;
				CLANG_WARN_INFINITE_RECURSION = YES;
				CLANG_WARN_INT_CONVERSION = YES;
				CLANG_WARN_NON_LITERAL_NULL_CONVERSION = YES;
				CLANG_WARN_OBJC_IMPLICIT_RETAIN_SELF = YES;
				CLANG_WARN_OBJC_LITERAL_CONVERSION = YES;
				CLANG_WARN_OBJC_ROOT_CLASS = YES_ERROR;
				CLANG_WARN_QUOTED_INCLUDE_IN_FRAMEWORK_HEADER = YES;
				CLANG_WARN_RANGE_LOOP_ANALYSIS = YES;
				CLANG_WARN_STRICT_PROTOTYPES = YES;
				CLANG_WARN_SUSPICIOUS_MOVE = YES;
				CLANG_WARN_UNGUARDED_AVAILABILITY = YES_AGGRESSIVE;
				CLANG_WARN_UNREACHABLE_CODE = YES;
				CLANG_WARN__DUPLICATE_METHOD_MATCH = YES;
				COPY_PHASE_STRIP = NO;
				DEBUG_INFORMATION_FORMAT = "dwarf-with-dsym";
				ENABLE_NS_ASSERTIONS = NO;
				ENABLE_STRICT_OBJC_MSGSEND = YES;
				GCC_C_LANGUAGE_STANDARD = gnu11;
				GCC_NO_COMMON_BLOCKS = YES;
				GCC_WARN_64_TO_32_BIT_CONVERSION = YES;
				GCC_WARN_ABOUT_RETURN_TYPE = YES_ERROR;
				GCC_WARN_UNDECLARED_SELECTOR = YES;
				GCC_WARN_UNINITIALIZED_AUTOS = YES_AGGRESSIVE;
				GCC_WARN_UNUSED_FUNCTION = YES;
				GCC_WARN_UNUSED_VARIABLE = YES;
				IPHONEOS_DEPLOYMENT_TARGET = 14.5;
				MTL_ENABLE_DEBUG_INFO = NO;
				MTL_FAST_MATH = YES;
				SDKROOT = iphoneos;
				SWIFT_COMPILATION_MODE = wholemodule;
				SWIFT_OPTIMIZATION_LEVEL = "-O";
				VALIDATE_PRODUCT = YES;
			};
			name = Release;
		};
		BF52239A26F4496D00120549 /* Debug */ = {
			isa = XCBuildConfiguration;
			buildSettings = {
				ASSETCATALOG_COMPILER_APPICON_NAME = AppIcon;
				ASSETCATALOG_COMPILER_GLOBAL_ACCENT_COLOR_NAME = AccentColor;
				CODE_SIGN_STYLE = Automatic;
				DEVELOPMENT_ASSET_PATHS = "\"testMobile2u/Preview Content\"";
				DEVELOPMENT_TEAM = WS398ST7LH;
				ENABLE_PREVIEWS = YES;
				INFOPLIST_FILE = testMobile2u/Info.plist;
				IPHONEOS_DEPLOYMENT_TARGET = 14.0;
				LD_RUNPATH_SEARCH_PATHS = (
					"$(inherited)",
					"@executable_path/Frameworks",
				);
				PRODUCT_BUNDLE_IDENTIFIER = AcademyUCB.testMobile2u;
				PRODUCT_NAME = "$(TARGET_NAME)";
				SWIFT_VERSION = 5.0;
				TARGETED_DEVICE_FAMILY = "1,2";
			};
			name = Debug;
		};
		BF52239B26F4496D00120549 /* Release */ = {
			isa = XCBuildConfiguration;
			buildSettings = {
				ASSETCATALOG_COMPILER_APPICON_NAME = AppIcon;
				ASSETCATALOG_COMPILER_GLOBAL_ACCENT_COLOR_NAME = AccentColor;
				CODE_SIGN_STYLE = Automatic;
				DEVELOPMENT_ASSET_PATHS = "\"testMobile2u/Preview Content\"";
				DEVELOPMENT_TEAM = WS398ST7LH;
				ENABLE_PREVIEWS = YES;
				INFOPLIST_FILE = testMobile2u/Info.plist;
				IPHONEOS_DEPLOYMENT_TARGET = 14.0;
				LD_RUNPATH_SEARCH_PATHS = (
					"$(inherited)",
					"@executable_path/Frameworks",
				);
				PRODUCT_BUNDLE_IDENTIFIER = AcademyUCB.testMobile2u;
				PRODUCT_NAME = "$(TARGET_NAME)";
				SWIFT_VERSION = 5.0;
				TARGETED_DEVICE_FAMILY = "1,2";
			};
			name = Release;
		};
/* End XCBuildConfiguration section */

/* Begin XCConfigurationList section */
		BF52238526F4496800120549 /* Build configuration list for PBXProject "testMobile2u" */ = {
			isa = XCConfigurationList;
			buildConfigurations = (
				BF52239726F4496D00120549 /* Debug */,
				BF52239826F4496D00120549 /* Release */,
			);
			defaultConfigurationIsVisible = 0;
			defaultConfigurationName = Release;
		};
		BF52239926F4496D00120549 /* Build configuration list for PBXNativeTarget "testMobile2u" */ = {
			isa = XCConfigurationList;
			buildConfigurations = (
				BF52239A26F4496D00120549 /* Debug */,
				BF52239B26F4496D00120549 /* Release */,
			);
			defaultConfigurationIsVisible = 0;
			defaultConfigurationName = Release;
		};
/* End XCConfigurationList section */
	};
	rootObject = BF52238226F4496800120549 /* Project object */;
}
